
Microsoft Visual Studio Solution File, Format Version 12.00
# Visual Studio Version 16
VisualStudioVersion = 16.0.31424.327
MinimumVisualStudioVersion = 10.0.40219.1
Project("{FAE04EC0-301F-11D3-BF4B-00C04F79EFBC}") = "TrackerLibrary", "TrackerLibrary\TrackerLibrary.csproj", "{56E8024C-798D-4947-AB80-DF2881EFF2EB}"
EndProject
Project("{FAE04EC0-301F-11D3-BF4B-00C04F79EFBC}") = "TrackerUI", "TrackerUI\TrackerUI.csproj", "{3915A84C-9746-42F0-8F3E-F7D3296A2E57}"
EndProject
Global
	GlobalSection(SolutionConfigurationPlatforms) = preSolution
		Debug|Any CPU = Debug|Any CPU
		Release|Any CPU = Release|Any CPU
	EndGlobalSection
	GlobalSection(ProjectConfigurationPlatforms) = postSolution
		{56E8024C-798D-4947-AB80-DF2881EFF2EB}.Debug|Any CPU.ActiveCfg = Debug|Any CPU
		{56E8024C-798D-4947-AB80-DF2881EFF2EB}.Debug|Any CPU.Build.0 = Debug|Any CPU
		{56E8024C-798D-4947-AB80-DF2881EFF2EB}.Release|Any CPU.ActiveCfg = Release|Any CPU
		{56E8024C-798D-4947-AB80-DF2881EFF2EB}.Release|Any CPU.Build.0 = Release|Any CPU
		{3915A84C-9746-42F0-8F3E-F7D3296A2E57}.Debug|Any CPU.ActiveCfg = Debug|Any CPU
		{3915A84C-9746-42F0-8F3E-F7D3296A2E57}.Debug|Any CPU.Build.0 = Debug|Any CPU
		{3915A84C-9746-42F0-8F3E-F7D3296A2E57}.Release|Any CPU.ActiveCfg = Release|Any CPU
		{3915A84C-9746-42F0-8F3E-F7D3296A2E57}.Release|Any CPU.Build.0 = Release|Any CPU
	EndGlobalSection
	GlobalSection(SolutionProperties) = preSolution
		HideSolutionNode = FALSE
	EndGlobalSection
	GlobalSection(ExtensibilityGlobals) = postSolution
		SolutionGuid = {894F7B69-E7BA-4510-821B-86D0A1092755}
	EndGlobalSection
EndGlobal
